// !$*UTF8*$!
{
	archiveVersion = 1;
	classes = {
	};
	objectVersion = 48;
	objects = {

/* Begin PBXBuildFile section */
		BF1C98802029748A0051F705 /* InstructionViewController.m in Sources */ = {isa = PBXBuildFile; fileRef = BF1C987F2029748A0051F705 /* InstructionViewController.m */; };
		BF1C9883202A60A60051F705 /* Reachability.m in Sources */ = {isa = PBXBuildFile; fileRef = BF1C9882202A60A60051F705 /* Reachability.m */; };
		BF1C9886202A60C60051F705 /* SystemConfiguration.framework in Frameworks */ = {isa = PBXBuildFile; fileRef = BF1C9885202A60C60051F705 /* SystemConfiguration.framework */; };
		BF1C988B202B70240051F705 /* fileIcon.png in Resources */ = {isa = PBXBuildFile; fileRef = BF1C9889202B70240051F705 /* fileIcon.png */; };
		BF1C988C202B70240051F705 /* linkIcon.png in Resources */ = {isa = PBXBuildFile; fileRef = BF1C988A202B70240051F705 /* linkIcon.png */; };
		BF1C988F202B7C210051F705 /* FileViewController.m in Sources */ = {isa = PBXBuildFile; fileRef = BF1C988E202B7C210051F705 /* FileViewController.m */; };
		BF1C9891202B96200051F705 /* PDFKit.framework in Frameworks */ = {isa = PBXBuildFile; fileRef = BF1C9890202B96200051F705 /* PDFKit.framework */; settings = {ATTRIBUTES = (Required, ); }; };
		BF1C9897202C90290051F705 /* SettingsViewController.m in Sources */ = {isa = PBXBuildFile; fileRef = BF1C9895202C90290051F705 /* SettingsViewController.m */; };
		BF1C9898202C90290051F705 /* SettingsViewController.xib in Resources */ = {isa = PBXBuildFile; fileRef = BF1C9896202C90290051F705 /* SettingsViewController.xib */; };
		BF5C5BD5205C2B7200681045 /* scenarioData.xml in Resources */ = {isa = PBXBuildFile; fileRef = BF5C5BD4205C2B7200681045 /* scenarioData.xml */; };
		BF629821205DC69400B799E7 /* UIDevice+IdentifierAddition.m in Sources */ = {isa = PBXBuildFile; fileRef = BF629820205DC69400B799E7 /* UIDevice+IdentifierAddition.m */; };
		BF629825205DC8E300B799E7 /* NSString+MD5Addition.m in Sources */ = {isa = PBXBuildFile; fileRef = BF629824205DC8E300B799E7 /* NSString+MD5Addition.m */; };
		BFC98BDC2023F31A00F7C120 /* AppDelegate.m in Sources */ = {isa = PBXBuildFile; fileRef = BFC98BDB2023F31A00F7C120 /* AppDelegate.m */; };
		BFC98BDF2023F31A00F7C120 /* ScenarioHomeViewController.m in Sources */ = {isa = PBXBuildFile; fileRef = BFC98BDE2023F31A00F7C120 /* ScenarioHomeViewController.m */; };
		BFC98BE22023F31A00F7C120 /* Main.storyboard in Resources */ = {isa = PBXBuildFile; fileRef = BFC98BE02023F31A00F7C120 /* Main.storyboard */; };
		BFC98BE42023F31A00F7C120 /* Assets.xcassets in Resources */ = {isa = PBXBuildFile; fileRef = BFC98BE32023F31A00F7C120 /* Assets.xcassets */; };
		BFC98BE72023F31A00F7C120 /* LaunchScreen.storyboard in Resources */ = {isa = PBXBuildFile; fileRef = BFC98BE52023F31A00F7C120 /* LaunchScreen.storyboard */; };
		BFC98BEA2023F31A00F7C120 /* main.m in Sources */ = {isa = PBXBuildFile; fileRef = BFC98BE92023F31A00F7C120 /* main.m */; };
		BFC98BF42023F31A00F7C120 /* ScenariosTests.m in Sources */ = {isa = PBXBuildFile; fileRef = BFC98BF32023F31A00F7C120 /* ScenariosTests.m */; };
		BFC98BFF2023F31A00F7C120 /* ScenariosUITests.m in Sources */ = {isa = PBXBuildFile; fileRef = BFC98BFE2023F31A00F7C120 /* ScenariosUITests.m */; };
		BFC98C0E2023F34100F7C120 /* SourceDataHandler.m in Sources */ = {isa = PBXBuildFile; fileRef = BFC98C0D2023F34100F7C120 /* SourceDataHandler.m */; };
		BFC98C122024B76000F7C120 /* QuestionViewController.m in Sources */ = {isa = PBXBuildFile; fileRef = BFC98C112024B76000F7C120 /* QuestionViewController.m */; };
		BFCD1A7B203E7FBB00606C51 /* PPRLogo_BlackGlobe.png in Resources */ = {isa = PBXBuildFile; fileRef = BFCD1A7A203E7FBB00606C51 /* PPRLogo_BlackGlobe.png */; };
		BFCD1A7E203E814A00606C51 /* PPR_1242x2208_GrayBG_AppLaunch.png in Resources */ = {isa = PBXBuildFile; fileRef = BFCD1A7C203E814A00606C51 /* PPR_1242x2208_GrayBG_AppLaunch.png */; };
		BFCD1A7F203E814A00606C51 /* PPR_750x1334_GrayBG_AppLaunch.png in Resources */ = {isa = PBXBuildFile; fileRef = BFCD1A7D203E814A00606C51 /* PPR_750x1334_GrayBG_AppLaunch.png */; };
		BFDE21E3209A12BB0089E36F /* MapViewController.m in Sources */ = {isa = PBXBuildFile; fileRef = BFDE21E1209A12BB0089E36F /* MapViewController.m */; };
		BFDE21E4209A12BB0089E36F /* MapViewController.xib in Resources */ = {isa = PBXBuildFile; fileRef = BFDE21E2209A12BB0089E36F /* MapViewController.xib */; };
		BFDE21E6209A16880089E36F /* MapKit.framework in Frameworks */ = {isa = PBXBuildFile; fileRef = BFDE21E5209A16880089E36F /* MapKit.framework */; };
		BFDE21F5209A3CCF0089E36F /* WHMO AppLaunch-10 BLUEMONO 3x.png in Resources */ = {isa = PBXBuildFile; fileRef = BFDE21E9209A3CCE0089E36F /* WHMO AppLaunch-10 BLUEMONO 3x.png */; };
		BFDE21F6209A3CCF0089E36F /* WHMO AppLaunch-02 GRAY 3x.png in Resources */ = {isa = PBXBuildFile; fileRef = BFDE21EA209A3CCE0089E36F /* WHMO AppLaunch-02 GRAY 3x.png */; };
		BFDE21F7209A3CCF0089E36F /* WHMO AppLaunch-01 GRAY 2x.png in Resources */ = {isa = PBXBuildFile; fileRef = BFDE21EB209A3CCE0089E36F /* WHMO AppLaunch-01 GRAY 2x.png */; };
		BFDE21F8209A3CCF0089E36F /* WHMO AppIcon-03 GRAY 3x.png in Resources */ = {isa = PBXBuildFile; fileRef = BFDE21EC209A3CCE0089E36F /* WHMO AppIcon-03 GRAY 3x.png */; };
		BFDE21F9209A3CCF0089E36F /* WHMO AppIcon-04 GRAY 2x.png in Resources */ = {isa = PBXBuildFile; fileRef = BFDE21ED209A3CCE0089E36F /* WHMO AppIcon-04 GRAY 2x.png */; };
		BFDE21FA209A3CCF0089E36F /* WHMO AppIcon-07 BLUE 3x.png in Resources */ = {isa = PBXBuildFile; fileRef = BFDE21EE209A3CCE0089E36F /* WHMO AppIcon-07 BLUE 3x.png */; };
		BFDE21FB209A3CCF0089E36F /* WHMO AppIcon-08 BLUE 2x.png in Resources */ = {isa = PBXBuildFile; fileRef = BFDE21EF209A3CCE0089E36F /* WHMO AppIcon-08 BLUE 2x.png */; };
		BFDE21FC209A3CCF0089E36F /* WHMO AppIcon-12 BLUEMONO 2x.png in Resources */ = {isa = PBXBuildFile; fileRef = BFDE21F0209A3CCF0089E36F /* WHMO AppIcon-12 BLUEMONO 2x.png */; };
		BFDE21FD209A3CCF0089E36F /* WHMO AppLaunch-06 BLUE 3x.png in Resources */ = {isa = PBXBuildFile; fileRef = BFDE21F1209A3CCF0089E36F /* WHMO AppLaunch-06 BLUE 3x.png */; };
		BFDE21FE209A3CCF0089E36F /* WHMO AppLaunch-09 BLUEMONO 2x.png in Resources */ = {isa = PBXBuildFile; fileRef = BFDE21F2209A3CCF0089E36F /* WHMO AppLaunch-09 BLUEMONO 2x.png */; };
		BFDE21FF209A3CCF0089E36F /* WHMO AppLaunch-05 BLUE 2x.png in Resources */ = {isa = PBXBuildFile; fileRef = BFDE21F3209A3CCF0089E36F /* WHMO AppLaunch-05 BLUE 2x.png */; };
		BFDE2200209A3CCF0089E36F /* WHMO AppIcon-11 BLUEMONO 3x.png in Resources */ = {isa = PBXBuildFile; fileRef = BFDE21F4209A3CCF0089E36F /* WHMO AppIcon-11 BLUEMONO 3x.png */; };
		BFDE2202209A3E180089E36F /* WHMO AppIcon-08 BLUE 2x Spotlight.png in Resources */ = {isa = PBXBuildFile; fileRef = BFDE2201209A3E180089E36F /* WHMO AppIcon-08 BLUE 2x Spotlight.png */; };
		BFDE2205209A3EBC0089E36F /* WHMO AppIcon Notification 3x.png in Resources */ = {isa = PBXBuildFile; fileRef = BFDE2203209A3EBC0089E36F /* WHMO AppIcon Notification 3x.png */; };
		BFDE2208209A3F090089E36F /* WHMO AppIcon Notification 2x.png in Resources */ = {isa = PBXBuildFile; fileRef = BFDE2207209A3F090089E36F /* WHMO AppIcon Notification 2x.png */; };
		BFDE220A209A3FDB0089E36F /* WHMO AppLaunchIcon 1024.png in Resources */ = {isa = PBXBuildFile; fileRef = BFDE2209209A3FDB0089E36F /* WHMO AppLaunchIcon 1024.png */; };
		BFDE220C209A40570089E36F /* WHMO AppIcon Notification 58x58.png in Resources */ = {isa = PBXBuildFile; fileRef = BFDE220B209A40570089E36F /* WHMO AppIcon Notification 58x58.png */; };
		BFDE220E209A40930089E36F /* WHMO AppIcon-07 BLUE 87x87.png in Resources */ = {isa = PBXBuildFile; fileRef = BFDE220D209A40930089E36F /* WHMO AppIcon-07 BLUE 87x87.png */; };
		BFF0C66520DB1E6D00FA96A6 /* LocationsTableViewController.m in Sources */ = {isa = PBXBuildFile; fileRef = BFF0C66420DB1E6D00FA96A6 /* LocationsTableViewController.m */; };
/* End PBXBuildFile section */

/* Begin PBXContainerItemProxy section */
		BFC98BF02023F31A00F7C120 /* PBXContainerItemProxy */ = {
			isa = PBXContainerItemProxy;
			containerPortal = BFC98BCF2023F31A00F7C120 /* Project object */;
			proxyType = 1;
			remoteGlobalIDString = BFC98BD62023F31A00F7C120;
			remoteInfo = Scenarios;
		};
		BFC98BFB2023F31A00F7C120 /* PBXContainerItemProxy */ = {
			isa = PBXContainerItemProxy;
			containerPortal = BFC98BCF2023F31A00F7C120 /* Project object */;
			proxyType = 1;
			remoteGlobalIDString = BFC98BD62023F31A00F7C120;
			remoteInfo = Scenarios;
		};
/* End PBXContainerItemProxy section */

/* Begin PBXFileReference section */
		BF1C987E2029748A0051F705 /* InstructionViewController.h */ = {isa = PBXFileReference; lastKnownFileType = sourcecode.c.h; path = InstructionViewController.h; sourceTree = "<group>"; };
		BF1C987F2029748A0051F705 /* InstructionViewController.m */ = {isa = PBXFileReference; lastKnownFileType = sourcecode.c.objc; path = InstructionViewController.m; sourceTree = "<group>"; };
		BF1C9881202A60A60051F705 /* Reachability.h */ = {isa = PBXFileReference; fileEncoding = 4; lastKnownFileType = sourcecode.c.h; name = Reachability.h; path = "../../../../../Downloads/Reachability-master/Reachability.h"; sourceTree = "<group>"; };
		BF1C9882202A60A60051F705 /* Reachability.m */ = {isa = PBXFileReference; fileEncoding = 4; lastKnownFileType = sourcecode.c.objc; name = Reachability.m; path = "../../../../../Downloads/Reachability-master/Reachability.m"; sourceTree = "<group>"; };
		BF1C9885202A60C60051F705 /* SystemConfiguration.framework */ = {isa = PBXFileReference; lastKnownFileType = wrapper.framework; name = SystemConfiguration.framework; path = System/Library/Frameworks/SystemConfiguration.framework; sourceTree = SDKROOT; };
		BF1C9889202B70240051F705 /* fileIcon.png */ = {isa = PBXFileReference; lastKnownFileType = image.png; name = fileIcon.png; path = ../../../fileIcon.png; sourceTree = "<group>"; };
		BF1C988A202B70240051F705 /* linkIcon.png */ = {isa = PBXFileReference; lastKnownFileType = image.png; name = linkIcon.png; path = ../../../linkIcon.png; sourceTree = "<group>"; };
		BF1C988D202B7C210051F705 /* FileViewController.h */ = {isa = PBXFileReference; lastKnownFileType = sourcecode.c.h; path = FileViewController.h; sourceTree = "<group>"; };
		BF1C988E202B7C210051F705 /* FileViewController.m */ = {isa = PBXFileReference; lastKnownFileType = sourcecode.c.objc; path = FileViewController.m; sourceTree = "<group>"; };
		BF1C9890202B96200051F705 /* PDFKit.framework */ = {isa = PBXFileReference; lastKnownFileType = wrapper.framework; name = PDFKit.framework; path = System/Library/Frameworks/PDFKit.framework; sourceTree = SDKROOT; };
		BF1C9894202C90290051F705 /* SettingsViewController.h */ = {isa = PBXFileReference; lastKnownFileType = sourcecode.c.h; path = SettingsViewController.h; sourceTree = "<group>"; };
		BF1C9895202C90290051F705 /* SettingsViewController.m */ = {isa = PBXFileReference; lastKnownFileType = sourcecode.c.objc; path = SettingsViewController.m; sourceTree = "<group>"; };
		BF1C9896202C90290051F705 /* SettingsViewController.xib */ = {isa = PBXFileReference; lastKnownFileType = file.xib; path = SettingsViewController.xib; sourceTree = "<group>"; };
		BF5C5BD4205C2B7200681045 /* scenarioData.xml */ = {isa = PBXFileReference; fileEncoding = 4; lastKnownFileType = text.xml; name = scenarioData.xml; path = ../../../../../Applications/MAMP/htdocs/scenarioData.xml; sourceTree = "<group>"; };
		BF62981F205DC69400B799E7 /* UIDevice+IdentifierAddition.h */ = {isa = PBXFileReference; lastKnownFileType = sourcecode.c.h; path = "UIDevice+IdentifierAddition.h"; sourceTree = "<group>"; };
		BF629820205DC69400B799E7 /* UIDevice+IdentifierAddition.m */ = {isa = PBXFileReference; lastKnownFileType = sourcecode.c.objc; path = "UIDevice+IdentifierAddition.m"; sourceTree = "<group>"; };
		BF629822205DC8BE00B799E7 /* NSString+MD5Addition.h */ = {isa = PBXFileReference; lastKnownFileType = sourcecode.c.h; path = "NSString+MD5Addition.h"; sourceTree = "<group>"; };
		BF629824205DC8E300B799E7 /* NSString+MD5Addition.m */ = {isa = PBXFileReference; lastKnownFileType = sourcecode.c.objc; path = "NSString+MD5Addition.m"; sourceTree = "<group>"; };
		BF94F1F82086C28000DA0DBE /* LocalAuthentication.framework */ = {isa = PBXFileReference; lastKnownFileType = wrapper.framework; name = LocalAuthentication.framework; path = System/Library/Frameworks/LocalAuthentication.framework; sourceTree = SDKROOT; };
		BFC98BD72023F31A00F7C120 /* Scenarios.app */ = {isa = PBXFileReference; explicitFileType = wrapper.application; includeInIndex = 0; path = Scenarios.app; sourceTree = BUILT_PRODUCTS_DIR; };
		BFC98BDA2023F31A00F7C120 /* AppDelegate.h */ = {isa = PBXFileReference; lastKnownFileType = sourcecode.c.h; path = AppDelegate.h; sourceTree = "<group>"; };
		BFC98BDB2023F31A00F7C120 /* AppDelegate.m */ = {isa = PBXFileReference; lastKnownFileType = sourcecode.c.objc; path = AppDelegate.m; sourceTree = "<group>"; };
		BFC98BDD2023F31A00F7C120 /* ScenarioHomeViewController.h */ = {isa = PBXFileReference; lastKnownFileType = sourcecode.c.h; path = ScenarioHomeViewController.h; sourceTree = "<group>"; };
		BFC98BDE2023F31A00F7C120 /* ScenarioHomeViewController.m */ = {isa = PBXFileReference; lastKnownFileType = sourcecode.c.objc; path = ScenarioHomeViewController.m; sourceTree = "<group>"; };
		BFC98BE12023F31A00F7C120 /* Base */ = {isa = PBXFileReference; lastKnownFileType = file.storyboard; name = Base; path = Base.lproj/Main.storyboard; sourceTree = "<group>"; };
		BFC98BE32023F31A00F7C120 /* Assets.xcassets */ = {isa = PBXFileReference; lastKnownFileType = folder.assetcatalog; path = Assets.xcassets; sourceTree = "<group>"; };
		BFC98BE62023F31A00F7C120 /* Base */ = {isa = PBXFileReference; lastKnownFileType = file.storyboard; name = Base; path = Base.lproj/LaunchScreen.storyboard; sourceTree = "<group>"; };
		BFC98BE82023F31A00F7C120 /* Info.plist */ = {isa = PBXFileReference; lastKnownFileType = text.plist.xml; path = Info.plist; sourceTree = "<group>"; };
		BFC98BE92023F31A00F7C120 /* main.m */ = {isa = PBXFileReference; lastKnownFileType = sourcecode.c.objc; path = main.m; sourceTree = "<group>"; };
		BFC98BEF2023F31A00F7C120 /* ScenariosTests.xctest */ = {isa = PBXFileReference; explicitFileType = wrapper.cfbundle; includeInIndex = 0; path = ScenariosTests.xctest; sourceTree = BUILT_PRODUCTS_DIR; };
		BFC98BF32023F31A00F7C120 /* ScenariosTests.m */ = {isa = PBXFileReference; lastKnownFileType = sourcecode.c.objc; path = ScenariosTests.m; sourceTree = "<group>"; };
		BFC98BF52023F31A00F7C120 /* Info.plist */ = {isa = PBXFileReference; lastKnownFileType = text.plist.xml; path = Info.plist; sourceTree = "<group>"; };
		BFC98BFA2023F31A00F7C120 /* ScenariosUITests.xctest */ = {isa = PBXFileReference; explicitFileType = wrapper.cfbundle; includeInIndex = 0; path = ScenariosUITests.xctest; sourceTree = BUILT_PRODUCTS_DIR; };
		BFC98BFE2023F31A00F7C120 /* ScenariosUITests.m */ = {isa = PBXFileReference; lastKnownFileType = sourcecode.c.objc; path = ScenariosUITests.m; sourceTree = "<group>"; };
		BFC98C002023F31A00F7C120 /* Info.plist */ = {isa = PBXFileReference; lastKnownFileType = text.plist.xml; path = Info.plist; sourceTree = "<group>"; };
		BFC98C0D2023F34100F7C120 /* SourceDataHandler.m */ = {isa = PBXFileReference; lastKnownFileType = sourcecode.c.objc; path = SourceDataHandler.m; sourceTree = "<group>"; };
		BFC98C0F2023F52400F7C120 /* SourceDataHandler.h */ = {isa = PBXFileReference; lastKnownFileType = sourcecode.c.h; path = SourceDataHandler.h; sourceTree = "<group>"; };
		BFC98C102024B76000F7C120 /* QuestionViewController.h */ = {isa = PBXFileReference; lastKnownFileType = sourcecode.c.h; path = QuestionViewController.h; sourceTree = "<group>"; };
		BFC98C112024B76000F7C120 /* QuestionViewController.m */ = {isa = PBXFileReference; lastKnownFileType = sourcecode.c.objc; path = QuestionViewController.m; sourceTree = "<group>"; };
		BFC98C182025244800F7C120 /* Scenarios.entitlements */ = {isa = PBXFileReference; lastKnownFileType = text.plist.entitlements; path = Scenarios.entitlements; sourceTree = "<group>"; };
		BFCD1A7A203E7FBB00606C51 /* PPRLogo_BlackGlobe.png */ = {isa = PBXFileReference; lastKnownFileType = image.png; name = PPRLogo_BlackGlobe.png; path = ../../../../Downloads/emailapprovedbydwhit/PPRLogo_BlackGlobe.png; sourceTree = "<group>"; };
		BFCD1A7C203E814A00606C51 /* PPR_1242x2208_GrayBG_AppLaunch.png */ = {isa = PBXFileReference; lastKnownFileType = image.png; name = PPR_1242x2208_GrayBG_AppLaunch.png; path = ../../../../Downloads/emailapprovedbydwhit/PPR_1242x2208_GrayBG_AppLaunch.png; sourceTree = "<group>"; };
		BFCD1A7D203E814A00606C51 /* PPR_750x1334_GrayBG_AppLaunch.png */ = {isa = PBXFileReference; lastKnownFileType = image.png; name = PPR_750x1334_GrayBG_AppLaunch.png; path = ../../../../Downloads/emailapprovedbydwhit/PPR_750x1334_GrayBG_AppLaunch.png; sourceTree = "<group>"; };
		BFDE21E0209A12BB0089E36F /* MapViewController.h */ = {isa = PBXFileReference; lastKnownFileType = sourcecode.c.h; path = MapViewController.h; sourceTree = "<group>"; };
		BFDE21E1209A12BB0089E36F /* MapViewController.m */ = {isa = PBXFileReference; lastKnownFileType = sourcecode.c.objc; path = MapViewController.m; sourceTree = "<group>"; };
		BFDE21E2209A12BB0089E36F /* MapViewController.xib */ = {isa = PBXFileReference; lastKnownFileType = file.xib; path = MapViewController.xib; sourceTree = "<group>"; };
		BFDE21E5209A16880089E36F /* MapKit.framework */ = {isa = PBXFileReference; lastKnownFileType = wrapper.framework; name = MapKit.framework; path = System/Library/Frameworks/MapKit.framework; sourceTree = SDKROOT; };
		BFDE21E9209A3CCE0089E36F /* WHMO AppLaunch-10 BLUEMONO 3x.png */ = {isa = PBXFileReference; lastKnownFileType = image.png; name = "WHMO AppLaunch-10 BLUEMONO 3x.png"; path = "../../../../Downloads/graphicsemailapprovedbydwhit/WHMO AppLaunch-10 BLUEMONO 3x.png"; sourceTree = "<group>"; };
		BFDE21EA209A3CCE0089E36F /* WHMO AppLaunch-02 GRAY 3x.png */ = {isa = PBXFileReference; lastKnownFileType = image.png; name = "WHMO AppLaunch-02 GRAY 3x.png"; path = "../../../../Downloads/graphicsemailapprovedbydwhit/WHMO AppLaunch-02 GRAY 3x.png"; sourceTree = "<group>"; };
		BFDE21EB209A3CCE0089E36F /* WHMO AppLaunch-01 GRAY 2x.png */ = {isa = PBXFileReference; lastKnownFileType = image.png; name = "WHMO AppLaunch-01 GRAY 2x.png"; path = "../../../../Downloads/graphicsemailapprovedbydwhit/WHMO AppLaunch-01 GRAY 2x.png"; sourceTree = "<group>"; };
		BFDE21EC209A3CCE0089E36F /* WHMO AppIcon-03 GRAY 3x.png */ = {isa = PBXFileReference; lastKnownFileType = image.png; name = "WHMO AppIcon-03 GRAY 3x.png"; path = "../../../../Downloads/graphicsemailapprovedbydwhit/WHMO AppIcon-03 GRAY 3x.png"; sourceTree = "<group>"; };
		BFDE21ED209A3CCE0089E36F /* WHMO AppIcon-04 GRAY 2x.png */ = {isa = PBXFileReference; lastKnownFileType = image.png; name = "WHMO AppIcon-04 GRAY 2x.png"; path = "../../../../Downloads/graphicsemailapprovedbydwhit/WHMO AppIcon-04 GRAY 2x.png"; sourceTree = "<group>"; };
		BFDE21EE209A3CCE0089E36F /* WHMO AppIcon-07 BLUE 3x.png */ = {isa = PBXFileReference; lastKnownFileType = image.png; name = "WHMO AppIcon-07 BLUE 3x.png"; path = "../../../../Downloads/graphicsemailapprovedbydwhit/WHMO AppIcon-07 BLUE 3x.png"; sourceTree = "<group>"; };
		BFDE21EF209A3CCE0089E36F /* WHMO AppIcon-08 BLUE 2x.png */ = {isa = PBXFileReference; lastKnownFileType = image.png; name = "WHMO AppIcon-08 BLUE 2x.png"; path = "../../../../Downloads/graphicsemailapprovedbydwhit/WHMO AppIcon-08 BLUE 2x.png"; sourceTree = "<group>"; };
		BFDE21F0209A3CCF0089E36F /* WHMO AppIcon-12 BLUEMONO 2x.png */ = {isa = PBXFileReference; lastKnownFileType = image.png; name = "WHMO AppIcon-12 BLUEMONO 2x.png"; path = "../../../../Downloads/graphicsemailapprovedbydwhit/WHMO AppIcon-12 BLUEMONO 2x.png"; sourceTree = "<group>"; };
		BFDE21F1209A3CCF0089E36F /* WHMO AppLaunch-06 BLUE 3x.png */ = {isa = PBXFileReference; lastKnownFileType = image.png; name = "WHMO AppLaunch-06 BLUE 3x.png"; path = "../../../../Downloads/graphicsemailapprovedbydwhit/WHMO AppLaunch-06 BLUE 3x.png"; sourceTree = "<group>"; };
		BFDE21F2209A3CCF0089E36F /* WHMO AppLaunch-09 BLUEMONO 2x.png */ = {isa = PBXFileReference; lastKnownFileType = image.png; name = "WHMO AppLaunch-09 BLUEMONO 2x.png"; path = "../../../../Downloads/graphicsemailapprovedbydwhit/WHMO AppLaunch-09 BLUEMONO 2x.png"; sourceTree = "<group>"; };
		BFDE21F3209A3CCF0089E36F /* WHMO AppLaunch-05 BLUE 2x.png */ = {isa = PBXFileReference; lastKnownFileType = image.png; name = "WHMO AppLaunch-05 BLUE 2x.png"; path = "../../../../Downloads/graphicsemailapprovedbydwhit/WHMO AppLaunch-05 BLUE 2x.png"; sourceTree = "<group>"; };
		BFDE21F4209A3CCF0089E36F /* WHMO AppIcon-11 BLUEMONO 3x.png */ = {isa = PBXFileReference; lastKnownFileType = image.png; name = "WHMO AppIcon-11 BLUEMONO 3x.png"; path = "../../../../Downloads/graphicsemailapprovedbydwhit/WHMO AppIcon-11 BLUEMONO 3x.png"; sourceTree = "<group>"; };
		BFDE2201209A3E180089E36F /* WHMO AppIcon-08 BLUE 2x Spotlight.png */ = {isa = PBXFileReference; lastKnownFileType = image.png; name = "WHMO AppIcon-08 BLUE 2x Spotlight.png"; path = "../../../../Downloads/graphicsemailapprovedbydwhit/WHMO AppIcon-08 BLUE 2x Spotlight.png"; sourceTree = "<group>"; };
		BFDE2203209A3EBC0089E36F /* WHMO AppIcon Notification 3x.png */ = {isa = PBXFileReference; lastKnownFileType = image.png; path = "WHMO AppIcon Notification 3x.png"; sourceTree = "<group>"; };
		BFDE2207209A3F090089E36F /* WHMO AppIcon Notification 2x.png */ = {isa = PBXFileReference; lastKnownFileType = image.png; path = "WHMO AppIcon Notification 2x.png"; sourceTree = "<group>"; };
		BFDE2209209A3FDB0089E36F /* WHMO AppLaunchIcon 1024.png */ = {isa = PBXFileReference; lastKnownFileType = image.png; path = "WHMO AppLaunchIcon 1024.png"; sourceTree = "<group>"; };
		BFDE220B209A40570089E36F /* WHMO AppIcon Notification 58x58.png */ = {isa = PBXFileReference; lastKnownFileType = image.png; path = "WHMO AppIcon Notification 58x58.png"; sourceTree = "<group>"; };
		BFDE220D209A40930089E36F /* WHMO AppIcon-07 BLUE 87x87.png */ = {isa = PBXFileReference; lastKnownFileType = image.png; path = "WHMO AppIcon-07 BLUE 87x87.png"; sourceTree = "<group>"; };
		BFF0C66320DB1E6D00FA96A6 /* LocationsTableViewController.h */ = {isa = PBXFileReference; lastKnownFileType = sourcecode.c.h; path = LocationsTableViewController.h; sourceTree = "<group>"; };
		BFF0C66420DB1E6D00FA96A6 /* LocationsTableViewController.m */ = {isa = PBXFileReference; lastKnownFileType = sourcecode.c.objc; path = LocationsTableViewController.m; sourceTree = "<group>"; };
/* End PBXFileReference section */

/* Begin PBXFrameworksBuildPhase section */
		BFC98BD42023F31A00F7C120 /* Frameworks */ = {
			isa = PBXFrameworksBuildPhase;
			buildActionMask = 2147483647;
			files = (
				BFDE21E6209A16880089E36F /* MapKit.framework in Frameworks */,
				BF1C9891202B96200051F705 /* PDFKit.framework in Frameworks */,
			);
			runOnlyForDeploymentPostprocessing = 0;
		};
		BFC98BEC2023F31A00F7C120 /* Frameworks */ = {
			isa = PBXFrameworksBuildPhase;
			buildActionMask = 2147483647;
			files = (
				BF1C9886202A60C60051F705 /* SystemConfiguration.framework in Frameworks */,
			);
			runOnlyForDeploymentPostprocessing = 0;
		};
		BFC98BF72023F31A00F7C120 /* Frameworks */ = {
			isa = PBXFrameworksBuildPhase;
			buildActionMask = 2147483647;
			files = (
			);
			runOnlyForDeploymentPostprocessing = 0;
		};
/* End PBXFrameworksBuildPhase section */

/* Begin PBXGroup section */
		BF1C9884202A60C60051F705 /* Frameworks */ = {
			isa = PBXGroup;
			children = (
				BFDE21E5209A16880089E36F /* MapKit.framework */,
				BF94F1F82086C28000DA0DBE /* LocalAuthentication.framework */,
				BF1C9890202B96200051F705 /* PDFKit.framework */,
				BF1C9885202A60C60051F705 /* SystemConfiguration.framework */,
			);
			name = Frameworks;
			sourceTree = "<group>";
		};
		BF1C9887202A89B40051F705 /* View Controllers */ = {
			isa = PBXGroup;
			children = (
				BF1C987E2029748A0051F705 /* InstructionViewController.h */,
				BF1C987F2029748A0051F705 /* InstructionViewController.m */,
				BFC98C102024B76000F7C120 /* QuestionViewController.h */,
				BFC98C112024B76000F7C120 /* QuestionViewController.m */,
				BFC98BDD2023F31A00F7C120 /* ScenarioHomeViewController.h */,
				BFC98BDE2023F31A00F7C120 /* ScenarioHomeViewController.m */,
				BF1C988D202B7C210051F705 /* FileViewController.h */,
				BF1C988E202B7C210051F705 /* FileViewController.m */,
				BF1C9894202C90290051F705 /* SettingsViewController.h */,
				BF1C9895202C90290051F705 /* SettingsViewController.m */,
				BF1C9896202C90290051F705 /* SettingsViewController.xib */,
				BFDE21E0209A12BB0089E36F /* MapViewController.h */,
				BFDE21E1209A12BB0089E36F /* MapViewController.m */,
				BFDE21E2209A12BB0089E36F /* MapViewController.xib */,
				BFF0C66320DB1E6D00FA96A6 /* LocationsTableViewController.h */,
				BFF0C66420DB1E6D00FA96A6 /* LocationsTableViewController.m */,
			);
			path = "View Controllers";
			sourceTree = "<group>";
		};
		BF1C9888202B70170051F705 /* Images */ = {
			isa = PBXGroup;
			children = (
				BFDE220D209A40930089E36F /* WHMO AppIcon-07 BLUE 87x87.png */,
				BFDE220B209A40570089E36F /* WHMO AppIcon Notification 58x58.png */,
				BFDE2209209A3FDB0089E36F /* WHMO AppLaunchIcon 1024.png */,
				BFDE2207209A3F090089E36F /* WHMO AppIcon Notification 2x.png */,
				BFDE2203209A3EBC0089E36F /* WHMO AppIcon Notification 3x.png */,
				BFDE2201209A3E180089E36F /* WHMO AppIcon-08 BLUE 2x Spotlight.png */,
				BFDE21EC209A3CCE0089E36F /* WHMO AppIcon-03 GRAY 3x.png */,
				BFDE21ED209A3CCE0089E36F /* WHMO AppIcon-04 GRAY 2x.png */,
				BFDE21EE209A3CCE0089E36F /* WHMO AppIcon-07 BLUE 3x.png */,
				BFDE21EF209A3CCE0089E36F /* WHMO AppIcon-08 BLUE 2x.png */,
				BFDE21F4209A3CCF0089E36F /* WHMO AppIcon-11 BLUEMONO 3x.png */,
				BFDE21F0209A3CCF0089E36F /* WHMO AppIcon-12 BLUEMONO 2x.png */,
				BFDE21EB209A3CCE0089E36F /* WHMO AppLaunch-01 GRAY 2x.png */,
				BFDE21EA209A3CCE0089E36F /* WHMO AppLaunch-02 GRAY 3x.png */,
				BFDE21F3209A3CCF0089E36F /* WHMO AppLaunch-05 BLUE 2x.png */,
				BFDE21F1209A3CCF0089E36F /* WHMO AppLaunch-06 BLUE 3x.png */,
				BFDE21F2209A3CCF0089E36F /* WHMO AppLaunch-09 BLUEMONO 2x.png */,
				BFDE21E9209A3CCE0089E36F /* WHMO AppLaunch-10 BLUEMONO 3x.png */,
				BFCD1A7D203E814A00606C51 /* PPR_750x1334_GrayBG_AppLaunch.png */,
				BFCD1A7C203E814A00606C51 /* PPR_1242x2208_GrayBG_AppLaunch.png */,
				BFCD1A7A203E7FBB00606C51 /* PPRLogo_BlackGlobe.png */,
				BF1C9889202B70240051F705 /* fileIcon.png */,
				BF1C988A202B70240051F705 /* linkIcon.png */,
			);
			path = Images;
			sourceTree = "<group>";
		};
		BFC98BCE2023F31A00F7C120 = {
			isa = PBXGroup;
			children = (
				BF5C5BD4205C2B7200681045 /* scenarioData.xml */,
				BF1C9888202B70170051F705 /* Images */,
				BF1C9884202A60C60051F705 /* Frameworks */,
				BFC98BD82023F31A00F7C120 /* Products */,
				BFC98BD92023F31A00F7C120 /* Scenarios */,
				BFC98BF22023F31A00F7C120 /* ScenariosTests */,
				BFC98BFD2023F31A00F7C120 /* ScenariosUITests */,
			);
			sourceTree = "<group>";
		};
		BFC98BD82023F31A00F7C120 /* Products */ = {
			isa = PBXGroup;
			children = (
				BFC98BD72023F31A00F7C120 /* Scenarios.app */,
				BFC98BEF2023F31A00F7C120 /* ScenariosTests.xctest */,
				BFC98BFA2023F31A00F7C120 /* ScenariosUITests.xctest */,
			);
			name = Products;
			sourceTree = "<group>";
		};
		BFC98BD92023F31A00F7C120 /* Scenarios */ = {
			isa = PBXGroup;
			children = (
				BF1C9887202A89B40051F705 /* View Controllers */,
				BFC98C182025244800F7C120 /* Scenarios.entitlements */,
				BFC98C0C2023F32300F7C120 /* Libraries */,
				BFC98BDA2023F31A00F7C120 /* AppDelegate.h */,
				BFC98BDB2023F31A00F7C120 /* AppDelegate.m */,
				BFC98BE02023F31A00F7C120 /* Main.storyboard */,
				BFC98BE32023F31A00F7C120 /* Assets.xcassets */,
				BFC98BE52023F31A00F7C120 /* LaunchScreen.storyboard */,
				BFC98BE82023F31A00F7C120 /* Info.plist */,
				BFC98BE92023F31A00F7C120 /* main.m */,
				BF62981F205DC69400B799E7 /* UIDevice+IdentifierAddition.h */,
				BF629820205DC69400B799E7 /* UIDevice+IdentifierAddition.m */,
				BF629822205DC8BE00B799E7 /* NSString+MD5Addition.h */,
				BF629824205DC8E300B799E7 /* NSString+MD5Addition.m */,
			);
			path = Scenarios;
			sourceTree = "<group>";
		};
		BFC98BF22023F31A00F7C120 /* ScenariosTests */ = {
			isa = PBXGroup;
			children = (
				BFC98BF32023F31A00F7C120 /* ScenariosTests.m */,
				BFC98BF52023F31A00F7C120 /* Info.plist */,
			);
			path = ScenariosTests;
			sourceTree = "<group>";
		};
		BFC98BFD2023F31A00F7C120 /* ScenariosUITests */ = {
			isa = PBXGroup;
			children = (
				BFC98BFE2023F31A00F7C120 /* ScenariosUITests.m */,
				BFC98C002023F31A00F7C120 /* Info.plist */,
			);
			path = ScenariosUITests;
			sourceTree = "<group>";
		};
		BFC98C0C2023F32300F7C120 /* Libraries */ = {
			isa = PBXGroup;
			children = (
				BF1C9881202A60A60051F705 /* Reachability.h */,
				BF1C9882202A60A60051F705 /* Reachability.m */,
				BFC98C0F2023F52400F7C120 /* SourceDataHandler.h */,
				BFC98C0D2023F34100F7C120 /* SourceDataHandler.m */,
			);
			path = Libraries;
			sourceTree = "<group>";
		};
/* End PBXGroup section */

/* Begin PBXNativeTarget section */
		BFC98BD62023F31A00F7C120 /* Scenarios */ = {
			isa = PBXNativeTarget;
			buildConfigurationList = BFC98C032023F31A00F7C120 /* Build configuration list for PBXNativeTarget "Scenarios" */;
			buildPhases = (
				BFC98BD32023F31A00F7C120 /* Sources */,
				BFC98BD42023F31A00F7C120 /* Frameworks */,
				BFC98BD52023F31A00F7C120 /* Resources */,
			);
			buildRules = (
			);
			dependencies = (
			);
			name = Scenarios;
			productName = Scenarios;
			productReference = BFC98BD72023F31A00F7C120 /* Scenarios.app */;
			productType = "com.apple.product-type.application";
		};
		BFC98BEE2023F31A00F7C120 /* ScenariosTests */ = {
			isa = PBXNativeTarget;
			buildConfigurationList = BFC98C062023F31A00F7C120 /* Build configuration list for PBXNativeTarget "ScenariosTests" */;
			buildPhases = (
				BFC98BEB2023F31A00F7C120 /* Sources */,
				BFC98BEC2023F31A00F7C120 /* Frameworks */,
				BFC98BED2023F31A00F7C120 /* Resources */,
			);
			buildRules = (
			);
			dependencies = (
				BFC98BF12023F31A00F7C120 /* PBXTargetDependency */,
			);
			name = ScenariosTests;
			productName = ScenariosTests;
			productReference = BFC98BEF2023F31A00F7C120 /* ScenariosTests.xctest */;
			productType = "com.apple.product-type.bundle.unit-test";
		};
		BFC98BF92023F31A00F7C120 /* ScenariosUITests */ = {
			isa = PBXNativeTarget;
			buildConfigurationList = BFC98C092023F31A00F7C120 /* Build configuration list for PBXNativeTarget "ScenariosUITests" */;
			buildPhases = (
				BFC98BF62023F31A00F7C120 /* Sources */,
				BFC98BF72023F31A00F7C120 /* Frameworks */,
				BFC98BF82023F31A00F7C120 /* Resources */,
			);
			buildRules = (
			);
			dependencies = (
				BFC98BFC2023F31A00F7C120 /* PBXTargetDependency */,
			);
			name = ScenariosUITests;
			productName = ScenariosUITests;
			productReference = BFC98BFA2023F31A00F7C120 /* ScenariosUITests.xctest */;
			productType = "com.apple.product-type.bundle.ui-testing";
		};
/* End PBXNativeTarget section */

/* Begin PBXProject section */
		BFC98BCF2023F31A00F7C120 /* Project object */ = {
			isa = PBXProject;
			attributes = {
				LastUpgradeCheck = 0930;
				ORGANIZATIONNAME = "Adam Burstein";
				TargetAttributes = {
					BFC98BD62023F31A00F7C120 = {
						CreatedOnToolsVersion = 9.2;
						ProvisioningStyle = Automatic;
						SystemCapabilities = {
							com.apple.Push = {
								enabled = 1;
							};
						};
					};
					BFC98BEE2023F31A00F7C120 = {
						CreatedOnToolsVersion = 9.2;
						ProvisioningStyle = Automatic;
						TestTargetID = BFC98BD62023F31A00F7C120;
					};
					BFC98BF92023F31A00F7C120 = {
						CreatedOnToolsVersion = 9.2;
						ProvisioningStyle = Automatic;
						TestTargetID = BFC98BD62023F31A00F7C120;
					};
				};
			};
			buildConfigurationList = BFC98BD22023F31A00F7C120 /* Build configuration list for PBXProject "Scenarios" */;
			compatibilityVersion = "Xcode 8.0";
			developmentRegion = en;
			hasScannedForEncodings = 0;
			knownRegions = (
				en,
				Base,
			);
			mainGroup = BFC98BCE2023F31A00F7C120;
			productRefGroup = BFC98BD82023F31A00F7C120 /* Products */;
			projectDirPath = "";
			projectRoot = "";
			targets = (
				BFC98BD62023F31A00F7C120 /* Scenarios */,
				BFC98BEE2023F31A00F7C120 /* ScenariosTests */,
				BFC98BF92023F31A00F7C120 /* ScenariosUITests */,
			);
		};
/* End PBXProject section */

/* Begin PBXResourcesBuildPhase section */
		BFC98BD52023F31A00F7C120 /* Resources */ = {
			isa = PBXResourcesBuildPhase;
			buildActionMask = 2147483647;
			files = (
				BFDE21FC209A3CCF0089E36F /* WHMO AppIcon-12 BLUEMONO 2x.png in Resources */,
				BF1C988B202B70240051F705 /* fileIcon.png in Resources */,
				BFDE220E209A40930089E36F /* WHMO AppIcon-07 BLUE 87x87.png in Resources */,
				BFDE21FE209A3CCF0089E36F /* WHMO AppLaunch-09 BLUEMONO 2x.png in Resources */,
				BFDE21F9209A3CCF0089E36F /* WHMO AppIcon-04 GRAY 2x.png in Resources */,
				BFDE21FB209A3CCF0089E36F /* WHMO AppIcon-08 BLUE 2x.png in Resources */,
				BFCD1A7B203E7FBB00606C51 /* PPRLogo_BlackGlobe.png in Resources */,
				BF1C9898202C90290051F705 /* SettingsViewController.xib in Resources */,
				BFDE21FA209A3CCF0089E36F /* WHMO AppIcon-07 BLUE 3x.png in Resources */,
				BFDE21F5209A3CCF0089E36F /* WHMO AppLaunch-10 BLUEMONO 3x.png in Resources */,
				BF5C5BD5205C2B7200681045 /* scenarioData.xml in Resources */,
				BFC98BE72023F31A00F7C120 /* LaunchScreen.storyboard in Resources */,
				BFC98BE42023F31A00F7C120 /* Assets.xcassets in Resources */,
				BFDE21F6209A3CCF0089E36F /* WHMO AppLaunch-02 GRAY 3x.png in Resources */,
				BFDE21FF209A3CCF0089E36F /* WHMO AppLaunch-05 BLUE 2x.png in Resources */,
				BFDE21F7209A3CCF0089E36F /* WHMO AppLaunch-01 GRAY 2x.png in Resources */,
				BFCD1A7E203E814A00606C51 /* PPR_1242x2208_GrayBG_AppLaunch.png in Resources */,
				BFDE2205209A3EBC0089E36F /* WHMO AppIcon Notification 3x.png in Resources */,
				BFC98BE22023F31A00F7C120 /* Main.storyboard in Resources */,
				BFDE2208209A3F090089E36F /* WHMO AppIcon Notification 2x.png in Resources */,
				BF1C988C202B70240051F705 /* linkIcon.png in Resources */,
				BFDE220C209A40570089E36F /* WHMO AppIcon Notification 58x58.png in Resources */,
				BFDE2202209A3E180089E36F /* WHMO AppIcon-08 BLUE 2x Spotlight.png in Resources */,
				BFDE2200209A3CCF0089E36F /* WHMO AppIcon-11 BLUEMONO 3x.png in Resources */,
				BFDE220A209A3FDB0089E36F /* WHMO AppLaunchIcon 1024.png in Resources */,
				BFDE21E4209A12BB0089E36F /* MapViewController.xib in Resources */,
				BFDE21FD209A3CCF0089E36F /* WHMO AppLaunch-06 BLUE 3x.png in Resources */,
				BFCD1A7F203E814A00606C51 /* PPR_750x1334_GrayBG_AppLaunch.png in Resources */,
				BFDE21F8209A3CCF0089E36F /* WHMO AppIcon-03 GRAY 3x.png in Resources */,
			);
			runOnlyForDeploymentPostprocessing = 0;
		};
		BFC98BED2023F31A00F7C120 /* Resources */ = {
			isa = PBXResourcesBuildPhase;
			buildActionMask = 2147483647;
			files = (
			);
			runOnlyForDeploymentPostprocessing = 0;
		};
		BFC98BF82023F31A00F7C120 /* Resources */ = {
			isa = PBXResourcesBuildPhase;
			buildActionMask = 2147483647;
			files = (
			);
			runOnlyForDeploymentPostprocessing = 0;
		};
/* End PBXResourcesBuildPhase section */

/* Begin PBXSourcesBuildPhase section */
		BFC98BD32023F31A00F7C120 /* Sources */ = {
			isa = PBXSourcesBuildPhase;
			buildActionMask = 2147483647;
			files = (
				BFC98C0E2023F34100F7C120 /* SourceDataHandler.m in Sources */,
				BF1C98802029748A0051F705 /* InstructionViewController.m in Sources */,
				BFC98C122024B76000F7C120 /* QuestionViewController.m in Sources */,
				BFDE21E3209A12BB0089E36F /* MapViewController.m in Sources */,
				BF1C9897202C90290051F705 /* SettingsViewController.m in Sources */,
				BFF0C66520DB1E6D00FA96A6 /* LocationsTableViewController.m in Sources */,
				BF629821205DC69400B799E7 /* UIDevice+IdentifierAddition.m in Sources */,
				BF1C9883202A60A60051F705 /* Reachability.m in Sources */,
				BFC98BDF2023F31A00F7C120 /* ScenarioHomeViewController.m in Sources */,
				BFC98BEA2023F31A00F7C120 /* main.m in Sources */,
				BF1C988F202B7C210051F705 /* FileViewController.m in Sources */,
				BF629825205DC8E300B799E7 /* NSString+MD5Addition.m in Sources */,
				BFC98BDC2023F31A00F7C120 /* AppDelegate.m in Sources */,
			);
			runOnlyForDeploymentPostprocessing = 0;
		};
		BFC98BEB2023F31A00F7C120 /* Sources */ = {
			isa = PBXSourcesBuildPhase;
			buildActionMask = 2147483647;
			files = (
				BFC98BF42023F31A00F7C120 /* ScenariosTests.m in Sources */,
			);
			runOnlyForDeploymentPostprocessing = 0;
		};
		BFC98BF62023F31A00F7C120 /* Sources */ = {
			isa = PBXSourcesBuildPhase;
			buildActionMask = 2147483647;
			files = (
				BFC98BFF2023F31A00F7C120 /* ScenariosUITests.m in Sources */,
			);
			runOnlyForDeploymentPostprocessing = 0;
		};
/* End PBXSourcesBuildPhase section */

/* Begin PBXTargetDependency section */
		BFC98BF12023F31A00F7C120 /* PBXTargetDependency */ = {
			isa = PBXTargetDependency;
			target = BFC98BD62023F31A00F7C120 /* Scenarios */;
			targetProxy = BFC98BF02023F31A00F7C120 /* PBXContainerItemProxy */;
		};
		BFC98BFC2023F31A00F7C120 /* PBXTargetDependency */ = {
			isa = PBXTargetDependency;
			target = BFC98BD62023F31A00F7C120 /* Scenarios */;
			targetProxy = BFC98BFB2023F31A00F7C120 /* PBXContainerItemProxy */;
		};
/* End PBXTargetDependency section */

/* Begin PBXVariantGroup section */
		BFC98BE02023F31A00F7C120 /* Main.storyboard */ = {
			isa = PBXVariantGroup;
			children = (
				BFC98BE12023F31A00F7C120 /* Base */,
			);
			name = Main.storyboard;
			sourceTree = "<group>";
		};
		BFC98BE52023F31A00F7C120 /* LaunchScreen.storyboard */ = {
			isa = PBXVariantGroup;
			children = (
				BFC98BE62023F31A00F7C120 /* Base */,
			);
			name = LaunchScreen.storyboard;
			sourceTree = "<group>";
		};
/* End PBXVariantGroup section */

/* Begin XCBuildConfiguration section */
		BFC98C012023F31A00F7C120 /* Debug */ = {
			isa = XCBuildConfiguration;
			buildSettings = {
				ALWAYS_SEARCH_USER_PATHS = NO;
				CLANG_ANALYZER_NONNULL = YES;
				CLANG_ANALYZER_NUMBER_OBJECT_CONVERSION = YES_AGGRESSIVE;
				CLANG_CXX_LANGUAGE_STANDARD = "gnu++14";
				CLANG_CXX_LIBRARY = "libc++";
				CLANG_ENABLE_MODULES = YES;
				CLANG_ENABLE_OBJC_ARC = YES;
				CLANG_WARN_BLOCK_CAPTURE_AUTORELEASING = YES;
				CLANG_WARN_BOOL_CONVERSION = YES;
				CLANG_WARN_COMMA = YES;
				CLANG_WARN_CONSTANT_CONVERSION = YES;
				CLANG_WARN_DEPRECATED_OBJC_IMPLEMENTATIONS = YES;
				CLANG_WARN_DIRECT_OBJC_ISA_USAGE = YES_ERROR;
				CLANG_WARN_DOCUMENTATION_COMMENTS = YES;
				CLANG_WARN_EMPTY_BODY = YES;
				CLANG_WARN_ENUM_CONVERSION = YES;
				CLANG_WARN_INFINITE_RECURSION = YES;
				CLANG_WARN_INT_CONVERSION = YES;
				CLANG_WARN_NON_LITERAL_NULL_CONVERSION = YES;
				CLANG_WARN_OBJC_IMPLICIT_RETAIN_SELF = YES;
				CLANG_WARN_OBJC_LITERAL_CONVERSION = YES;
				CLANG_WARN_OBJC_ROOT_CLASS = YES_ERROR;
				CLANG_WARN_RANGE_LOOP_ANALYSIS = YES;
				CLANG_WARN_STRICT_PROTOTYPES = YES;
				CLANG_WARN_SUSPICIOUS_MOVE = YES;
				CLANG_WARN_UNGUARDED_AVAILABILITY = YES_AGGRESSIVE;
				CLANG_WARN_UNREACHABLE_CODE = YES;
				CLANG_WARN__DUPLICATE_METHOD_MATCH = YES;
				CODE_SIGN_IDENTITY = "iPhone Developer";
				COPY_PHASE_STRIP = NO;
				DEBUG_INFORMATION_FORMAT = dwarf;
				ENABLE_STRICT_OBJC_MSGSEND = YES;
				ENABLE_TESTABILITY = YES;
				GCC_C_LANGUAGE_STANDARD = gnu11;
				GCC_DYNAMIC_NO_PIC = NO;
				GCC_NO_COMMON_BLOCKS = YES;
				GCC_OPTIMIZATION_LEVEL = 0;
				GCC_PREPROCESSOR_DEFINITIONS = (
					"DEBUG=1",
					"$(inherited)",
				);
				GCC_WARN_64_TO_32_BIT_CONVERSION = YES;
				GCC_WARN_ABOUT_RETURN_TYPE = YES_ERROR;
				GCC_WARN_UNDECLARED_SELECTOR = YES;
				GCC_WARN_UNINITIALIZED_AUTOS = YES_AGGRESSIVE;
				GCC_WARN_UNUSED_FUNCTION = YES;
				GCC_WARN_UNUSED_VARIABLE = YES;
				IPHONEOS_DEPLOYMENT_TARGET = 11.2;
				MTL_ENABLE_DEBUG_INFO = YES;
				ONLY_ACTIVE_ARCH = YES;
				SDKROOT = iphoneos;
			};
			name = Debug;
		};
		BFC98C022023F31A00F7C120 /* Release */ = {
			isa = XCBuildConfiguration;
			buildSettings = {
				ALWAYS_SEARCH_USER_PATHS = NO;
				CLANG_ANALYZER_NONNULL = YES;
				CLANG_ANALYZER_NUMBER_OBJECT_CONVERSION = YES_AGGRESSIVE;
				CLANG_CXX_LANGUAGE_STANDARD = "gnu++14";
				CLANG_CXX_LIBRARY = "libc++";
				CLANG_ENABLE_MODULES = YES;
				CLANG_ENABLE_OBJC_ARC = YES;
				CLANG_WARN_BLOCK_CAPTURE_AUTORELEASING = YES;
				CLANG_WARN_BOOL_CONVERSION = YES;
				CLANG_WARN_COMMA = YES;
				CLANG_WARN_CONSTANT_CONVERSION = YES;
				CLANG_WARN_DEPRECATED_OBJC_IMPLEMENTATIONS = YES;
				CLANG_WARN_DIRECT_OBJC_ISA_USAGE = YES_ERROR;
				CLANG_WARN_DOCUMENTATION_COMMENTS = YES;
				CLANG_WARN_EMPTY_BODY = YES;
				CLANG_WARN_ENUM_CONVERSION = YES;
				CLANG_WARN_INFINITE_RECURSION = YES;
				CLANG_WARN_INT_CONVERSION = YES;
				CLANG_WARN_NON_LITERAL_NULL_CONVERSION = YES;
				CLANG_WARN_OBJC_IMPLICIT_RETAIN_SELF = YES;
				CLANG_WARN_OBJC_LITERAL_CONVERSION = YES;
				CLANG_WARN_OBJC_ROOT_CLASS = YES_ERROR;
				CLANG_WARN_RANGE_LOOP_ANALYSIS = YES;
				CLANG_WARN_STRICT_PROTOTYPES = YES;
				CLANG_WARN_SUSPICIOUS_MOVE = YES;
				CLANG_WARN_UNGUARDED_AVAILABILITY = YES_AGGRESSIVE;
				CLANG_WARN_UNREACHABLE_CODE = YES;
				CLANG_WARN__DUPLICATE_METHOD_MATCH = YES;
				CODE_SIGN_IDENTITY = "iPhone Developer";
				COPY_PHASE_STRIP = NO;
				DEBUG_INFORMATION_FORMAT = "dwarf-with-dsym";
				ENABLE_NS_ASSERTIONS = NO;
				ENABLE_STRICT_OBJC_MSGSEND = YES;
				GCC_C_LANGUAGE_STANDARD = gnu11;
				GCC_NO_COMMON_BLOCKS = YES;
				GCC_WARN_64_TO_32_BIT_CONVERSION = YES;
				GCC_WARN_ABOUT_RETURN_TYPE = YES_ERROR;
				GCC_WARN_UNDECLARED_SELECTOR = YES;
				GCC_WARN_UNINITIALIZED_AUTOS = YES_AGGRESSIVE;
				GCC_WARN_UNUSED_FUNCTION = YES;
				GCC_WARN_UNUSED_VARIABLE = YES;
				IPHONEOS_DEPLOYMENT_TARGET = 11.2;
				MTL_ENABLE_DEBUG_INFO = NO;
				SDKROOT = iphoneos;
				VALIDATE_PRODUCT = YES;
			};
			name = Release;
		};
		BFC98C042023F31A00F7C120 /* Debug */ = {
			isa = XCBuildConfiguration;
			buildSettings = {
				ASSETCATALOG_COMPILER_APPICON_NAME = AppIcon;
				CODE_SIGN_ENTITLEMENTS = Scenarios/Scenarios.entitlements;
				CODE_SIGN_STYLE = Automatic;
				DEVELOPMENT_TEAM = P454TBZRS4;
				INFOPLIST_FILE = Scenarios/Info.plist;
				LD_RUNPATH_SEARCH_PATHS = "$(inherited) @executable_path/Frameworks";
				PRODUCT_BUNDLE_IDENTIFIER = gov.eop.oa.Scenarios;
				PRODUCT_NAME = "$(TARGET_NAME)";
				TARGETED_DEVICE_FAMILY = "1,2";
			};
			name = Debug;
		};
		BFC98C052023F31A00F7C120 /* Release */ = {
			isa = XCBuildConfiguration;
			buildSettings = {
				ASSETCATALOG_COMPILER_APPICON_NAME = AppIcon;
				CODE_SIGN_ENTITLEMENTS = Scenarios/Scenarios.entitlements;
				CODE_SIGN_STYLE = Automatic;
				DEVELOPMENT_TEAM = P454TBZRS4;
				INFOPLIST_FILE = Scenarios/Info.plist;
				LD_RUNPATH_SEARCH_PATHS = "$(inherited) @executable_path/Frameworks";
				PRODUCT_BUNDLE_IDENTIFIER = gov.eop.oa.Scenarios;
				PRODUCT_NAME = "$(TARGET_NAME)";
				TARGETED_DEVICE_FAMILY = "1,2";
			};
			name = Release;
		};
		BFC98C072023F31A00F7C120 /* Debug */ = {
			isa = XCBuildConfiguration;
			buildSettings = {
				BUNDLE_LOADER = "$(TEST_HOST)";
				CODE_SIGN_STYLE = Automatic;
				INFOPLIST_FILE = ScenariosTests/Info.plist;
				LD_RUNPATH_SEARCH_PATHS = "$(inherited) @executable_path/Frameworks @loader_path/Frameworks";
				PRODUCT_BUNDLE_IDENTIFIER = com.adamburstein.ScenariosTests;
				PRODUCT_NAME = "$(TARGET_NAME)";
				TARGETED_DEVICE_FAMILY = "1,2";
				TEST_HOST = "$(BUILT_PRODUCTS_DIR)/Scenarios.app/Scenarios";
			};
			name = Debug;
		};
		BFC98C082023F31A00F7C120 /* Release */ = {
			isa = XCBuildConfiguration;
			buildSettings = {
				BUNDLE_LOADER = "$(TEST_HOST)";
				CODE_SIGN_STYLE = Automatic;
				INFOPLIST_FILE = ScenariosTests/Info.plist;
				LD_RUNPATH_SEARCH_PATHS = "$(inherited) @executable_path/Frameworks @loader_path/Frameworks";
				PRODUCT_BUNDLE_IDENTIFIER = com.adamburstein.ScenariosTests;
				PRODUCT_NAME = "$(TARGET_NAME)";
				TARGETED_DEVICE_FAMILY = "1,2";
				TEST_HOST = "$(BUILT_PRODUCTS_DIR)/Scenarios.app/Scenarios";
			};
			name = Release;
		};
		BFC98C0A2023F31A00F7C120 /* Debug */ = {
			isa = XCBuildConfiguration;
			buildSettings = {
				CODE_SIGN_STYLE = Automatic;
				INFOPLIST_FILE = ScenariosUITests/Info.plist;
				LD_RUNPATH_SEARCH_PATHS = "$(inherited) @executable_path/Frameworks @loader_path/Frameworks";
				PRODUCT_BUNDLE_IDENTIFIER = com.adamburstein.ScenariosUITests;
				PRODUCT_NAME = "$(TARGET_NAME)";
				TARGETED_DEVICE_FAMILY = "1,2";
				TEST_TARGET_NAME = Scenarios;
			};
			name = Debug;
		};
		BFC98C0B2023F31A00F7C120 /* Release */ = {
			isa = XCBuildConfiguration;
			buildSettings = {
				CODE_SIGN_STYLE = Automatic;
				INFOPLIST_FILE = ScenariosUITests/Info.plist;
				LD_RUNPATH_SEARCH_PATHS = "$(inherited) @executable_path/Frameworks @loader_path/Frameworks";
				PRODUCT_BUNDLE_IDENTIFIER = com.adamburstein.ScenariosUITests;
				PRODUCT_NAME = "$(TARGET_NAME)";
				TARGETED_DEVICE_FAMILY = "1,2";
				TEST_TARGET_NAME = Scenarios;
			};
			name = Release;
		};
/* End XCBuildConfiguration section */

/* Begin XCConfigurationList section */
		BFC98BD22023F31A00F7C120 /* Build configuration list for PBXProject "Scenarios" */ = {
			isa = XCConfigurationList;
			buildConfigurations = (
				BFC98C012023F31A00F7C120 /* Debug */,
				BFC98C022023F31A00F7C120 /* Release */,
			);
			defaultConfigurationIsVisible = 0;
			defaultConfigurationName = Release;
		};
		BFC98C032023F31A00F7C120 /* Build configuration list for PBXNativeTarget "Scenarios" */ = {
			isa = XCConfigurationList;
			buildConfigurations = (
				BFC98C042023F31A00F7C120 /* Debug */,
				BFC98C052023F31A00F7C120 /* Release */,
			);
			defaultConfigurationIsVisible = 0;
			defaultConfigurationName = Release;
		};
		BFC98C062023F31A00F7C120 /* Build configuration list for PBXNativeTarget "ScenariosTests" */ = {
			isa = XCConfigurationList;
			buildConfigurations = (
				BFC98C072023F31A00F7C120 /* Debug */,
				BFC98C082023F31A00F7C120 /* Release */,
			);
			defaultConfigurationIsVisible = 0;
			defaultConfigurationName = Release;
		};
		BFC98C092023F31A00F7C120 /* Build configuration list for PBXNativeTarget "ScenariosUITests" */ = {
			isa = XCConfigurationList;
			buildConfigurations = (
				BFC98C0A2023F31A00F7C120 /* Debug */,
				BFC98C0B2023F31A00F7C120 /* Release */,
			);
			defaultConfigurationIsVisible = 0;
			defaultConfigurationName = Release;
		};
/* End XCConfigurationList section */
	};
	rootObject = BFC98BCF2023F31A00F7C120 /* Project object */;
}
